
Microsoft Visual Studio Solution File, Format Version 12.00
# Visual Studio Version 16
VisualStudioVersion = 16.0.30413.136
MinimumVisualStudioVersion = 10.0.40219.1
Project("{FAE04EC0-301F-11D3-BF4B-00C04F79EFBC}") = "BikeStoresApp", "BikeStoresApp\BikeStoresApp.csproj", "{3EE710AF-B72D-41DC-B157-05FC8433F820}"
EndProject
Global
	GlobalSection(SolutionConfigurationPlatforms) = preSolution
		Debug|Any CPU = Debug|Any CPU
		Release|Any CPU = Release|Any CPU
	EndGlobalSection
	GlobalSection(ProjectConfigurationPlatforms) = postSolution
		{3EE710AF-B72D-41DC-B157-05FC8433F820}.Debug|Any CPU.ActiveCfg = Debug|Any CPU
		{3EE710AF-B72D-41DC-B157-05FC8433F820}.Debug|Any CPU.Build.0 = Debug|Any CPU
		{3EE710AF-B72D-41DC-B157-05FC8433F820}.Release|Any CPU.ActiveCfg = Release|Any CPU
		{3EE710AF-B72D-41DC-B157-05FC8433F820}.Release|Any CPU.Build.0 = Release|Any CPU
	EndGlobalSection
	GlobalSection(SolutionProperties) = preSolution
		HideSolutionNode = FALSE
	EndGlobalSection
	GlobalSection(ExtensibilityGlobals) = postSolution
		SolutionGuid = {00B261C0-3F69-4E33-AD60-2926597F7D96}
	EndGlobalSection
EndGlobal
